github.com/Firdavs2002/bank1 v0.0.0-20200924195900-fb35c3f080f9 h1:zlXALN2qBCEaqV5xDUki0aNzTkekkuzB4BKq56d+0ow=
github.com/Firdavs2002/bank1 v0.0.0-20200924195900-fb35c3f080f9/go.mod h1:BP+ILSUzuvxzq+bHbXLhNI/1nJdFQ6WpZwx10BraDxo=
github.com/Firdavs2002/bank1 v0.0.0-20200924200206-36898b2f302b h1:35RWW3qeN/LRjDo9EwPeUc/in6+VOdSQD/IaK+2Hf48=
github.com/Firdavs2002/bank1 v0.0.0-20200924200206-36898b2f302b/go.mod h1:BP+ILSUzuvxzq+bHbXLhNI/1nJdFQ6WpZwx10BraDxo=
github.com/Firdavs2002/bank1 v0.0.0-20200924201913-6334754e21b9 h1:hhCeqw4GlNDd+umtp/t5G5w1RZDmEw/pExPdwPvtr6c=
github.com/Firdavs2002/bank1 v0.0.0-20200924201913-6334754e21b9/go.mod h1:BP+ILSUzuvxzq+bHbXLhNI/1nJdFQ6WpZwx10BraDxo=
